
Microsoft Visual Studio Solution File, Format Version 12.00
# Visual Studio Version 16
VisualStudioVersion = 16.0.29215.179
MinimumVisualStudioVersion = 10.0.40219.1
Project("{FAE04EC0-301F-11D3-BF4B-00C04F79EFBC}") = "GitHookDemo", "GitHookDemo\GitHookDemo.csproj", "{22837809-93B1-4ACA-9F71-003DF40C2600}"
EndProject
Project("{FAE04EC0-301F-11D3-BF4B-00C04F79EFBC}") = "Tests", "Tests\Tests.csproj", "{2FE33E3D-2ED9-412F-8A93-AAAA80600551}"
EndProject
Global
	GlobalSection(SolutionConfigurationPlatforms) = preSolution
		Debug|Any CPU = Debug|Any CPU
		Release|Any CPU = Release|Any CPU
	EndGlobalSection
	GlobalSection(ProjectConfigurationPlatforms) = postSolution
		{22837809-93B1-4ACA-9F71-003DF40C2600}.Debug|Any CPU.ActiveCfg = Debug|Any CPU
		{22837809-93B1-4ACA-9F71-003DF40C2600}.Debug|Any CPU.Build.0 = Debug|Any CPU
		{22837809-93B1-4ACA-9F71-003DF40C2600}.Release|Any CPU.ActiveCfg = Release|Any CPU
		{22837809-93B1-4ACA-9F71-003DF40C2600}.Release|Any CPU.Build.0 = Release|Any CPU
		{2FE33E3D-2ED9-412F-8A93-AAAA80600551}.Debug|Any CPU.ActiveCfg = Debug|Any CPU
		{2FE33E3D-2ED9-412F-8A93-AAAA80600551}.Debug|Any CPU.Build.0 = Debug|Any CPU
		{2FE33E3D-2ED9-412F-8A93-AAAA80600551}.Release|Any CPU.ActiveCfg = Release|Any CPU
		{2FE33E3D-2ED9-412F-8A93-AAAA80600551}.Release|Any CPU.Build.0 = Release|Any CPU
	EndGlobalSection
	GlobalSection(SolutionProperties) = preSolution
		HideSolutionNode = FALSE
	EndGlobalSection
	GlobalSection(ExtensibilityGlobals) = postSolution
		SolutionGuid = {330877EE-8CAD-407A-A69B-9635EABA67BB}
	EndGlobalSection
EndGlobal
